{
  "nodes": {
    "nixpkgs": {
      "locked": {
        "lastModified": 1703566707,
        "narHash": "sha256-WYddz/ECEsjkZfkxt1wI2CmqV+K5Y75DYnoz5cggdAM=",
        "owner": "NickCao",
        "repo": "nixpkgs",
        "rev": "f217c21ed54fc67808a55881f2270f51bfeb3312",
        "type": "github"
      },
      "original": {
        "owner": "NickCao",
        "ref": "bladerunner",
        "repo": "nixpkgs",
        "type": "github"
      }
    },
    "root": {
      "inputs": {
        "nixpkgs": "nixpkgs"
      }
    }
  },
  "root": "root",
  "version": 7
}
