{
  "nodes": {
    "nixpkgs": {
      "locked": {
        "lastModified": 1702776782,
        "narHash": "sha256-DYAo/s9M3ZFomCKHvyiam1yAbwAWzrup+bYLCmjf1ps=",
        "owner": "NickCao",
        "repo": "nixpkgs",
        "rev": "e9e46290ed94a1a890694a9d2bde55db7074509b",
        "type": "github"
      },
      "original": {
        "owner": "NickCao",
        "ref": "bladerunner",
        "repo": "nixpkgs",
        "type": "github"
      }
    },
    "root": {
      "inputs": {
        "nixpkgs": "nixpkgs"
      }
    }
  },
  "root": "root",
  "version": 7
}
