{
  "nodes": {
    "nixpkgs": {
      "locked": {
        "lastModified": 1702002479,
        "narHash": "sha256-Yxiu64WFdqykmlid4w2+FjD9VMe1Bzl+tdhAwtjwdoE=",
        "owner": "NickCao",
        "repo": "nixpkgs",
        "rev": "045bf5c9aff10f69e30e43058bb957b3517e3672",
        "type": "github"
      },
      "original": {
        "owner": "NickCao",
        "ref": "bladerunner",
        "repo": "nixpkgs",
        "type": "github"
      }
    },
    "root": {
      "inputs": {
        "nixpkgs": "nixpkgs"
      }
    }
  },
  "root": "root",
  "version": 7
}
